
Microsoft Visual Studio Solution File, Format Version 12.00
# Visual Studio Version 16
VisualStudioVersion = 16.0.809.10
MinimumVisualStudioVersion = 10.0.40219.1
Project("{FAE04EC0-301F-11D3-BF4B-00C04F79EFBC}") = "workwear_test", "workwear_test\workwear_test.csproj", "{7FDF8ACA-C039-4C05-87B7-A5B3B30B672A}"
EndProject
Project("{FAE04EC0-301F-11D3-BF4B-00C04F79EFBC}") = "workwear_test_tests", "workwear_test_tests\workwear_test_tests.csproj", "{E819D237-DB0A-4C65-A9E5-B73880142382}"
EndProject
Project("{2150E333-8FDC-42A3-9474-1A3956D46DE8}") = "Solution Items", "Solution Items", "{122BF1D5-C08C-4222-959A-C8BB21D55327}"
	ProjectSection(SolutionItems) = preProject
		Readme.md = Readme.md
	EndProjectSection
EndProject
Global
	GlobalSection(SolutionConfigurationPlatforms) = preSolution
		Debug|Any CPU = Debug|Any CPU
		Release|Any CPU = Release|Any CPU
	EndGlobalSection
	GlobalSection(ProjectConfigurationPlatforms) = postSolution
		{7FDF8ACA-C039-4C05-87B7-A5B3B30B672A}.Debug|Any CPU.ActiveCfg = Debug|Any CPU
		{7FDF8ACA-C039-4C05-87B7-A5B3B30B672A}.Debug|Any CPU.Build.0 = Debug|Any CPU
		{7FDF8ACA-C039-4C05-87B7-A5B3B30B672A}.Release|Any CPU.ActiveCfg = Release|Any CPU
		{7FDF8ACA-C039-4C05-87B7-A5B3B30B672A}.Release|Any CPU.Build.0 = Release|Any CPU
		{E819D237-DB0A-4C65-A9E5-B73880142382}.Debug|Any CPU.ActiveCfg = Debug|Any CPU
		{E819D237-DB0A-4C65-A9E5-B73880142382}.Debug|Any CPU.Build.0 = Debug|Any CPU
		{E819D237-DB0A-4C65-A9E5-B73880142382}.Release|Any CPU.ActiveCfg = Release|Any CPU
		{E819D237-DB0A-4C65-A9E5-B73880142382}.Release|Any CPU.Build.0 = Release|Any CPU
	EndGlobalSection
	GlobalSection(SolutionProperties) = preSolution
		HideSolutionNode = FALSE
	EndGlobalSection
	GlobalSection(ExtensibilityGlobals) = postSolution
		SolutionGuid = {55367B33-EDA0-4E37-8BAF-9C0B3D553C45}
	EndGlobalSection
EndGlobal
